
Microsoft Visual Studio Solution File, Format Version 12.00
# Visual Studio 15
VisualStudioVersion = 15.0.26228.12
MinimumVisualStudioVersion = 10.0.40219.1
Project("{FAE04EC0-301F-11D3-BF4B-00C04F79EFBC}") = "Desktop App", "src\SoccerBotApp\Desktop App.csproj", "{5CEEF930-71D7-4865-BB00-6C1005276769}"
EndProject
Project("{FAE04EC0-301F-11D3-BF4B-00C04F79EFBC}") = "SoccerBotTests", "tests\SoccerBotTests\SoccerBotTests.csproj", "{1BF743E8-B764-4512-B9F9-094A547883B7}"
EndProject
Project("{2150E333-8FDC-42A3-9474-1A3956D46DE8}") = "Solution Items", "Solution Items", "{2F96017D-32D5-4296-A6BA-F340A8D7D7DC}"
	ProjectSection(SolutionItems) = preProject
		Documentation\BasicRoverArduino.png = Documentation\BasicRoverArduino.png
		Documentation\BasicVersion.jpg = Documentation\BasicVersion.jpg
		Documentation\BoardSchematicV1.0.png = Documentation\BoardSchematicV1.0.png
		Documentation\ComPort.png = Documentation\ComPort.png
		ConnectWinIoT.md = ConnectWinIoT.md
		DesktopApp.md = DesktopApp.md
		Documentation\DeviceManager.png = Documentation\DeviceManager.png
		GettingStarted.md = GettingStarted.md
		HelpWanted.md = HelpWanted.md
		March2017Goals.md = March2017Goals.md
		MBot_InternalApp.ino.txt = MBot_InternalApp.ino.txt
		Documentation\MicroSDCard.jpg = Documentation\MicroSDCard.jpg
		PartsList.md = PartsList.md
		Documentation\RangerArduino.png = Documentation\RangerArduino.png
		Documentation\RaspberyPi.jpg = Documentation\RaspberyPi.jpg
		README.md = README.md
		RemoteClient.md = RemoteClient.md
		Documentation\RoverVersion.jpg = Documentation\RoverVersion.jpg
		SensorBoardV1.md = SensorBoardV1.md
		Documentation\Standoffs.jpg = Documentation\Standoffs.jpg
		WiFiConnectivity.md = WiFiConnectivity.md
	EndProjectSection
EndProject
Project("{FAE04EC0-301F-11D3-BF4B-00C04F79EFBC}") = "Library - Generic", "src\SoccerBot.Core\Library - Generic.csproj", "{89591A82-D13A-4A27-B378-8E176C3104E2}"
EndProject
Project("{FAE04EC0-301F-11D3-BF4B-00C04F79EFBC}") = "Library - UWP mBot", "src\SoccerBot.UWP\Library - UWP mBot.csproj", "{267EF52C-9F76-4536-8A72-ED9CEFAF73D0}"
EndProject
Project("{FAE04EC0-301F-11D3-BF4B-00C04F79EFBC}") = "Raspberry Pi Firmware", "src\SoccerBot.mBot\Raspberry Pi Firmware.csproj", "{337434DF-2058-4F3D-AE1D-375A546BA3A9}"
EndProject
Project("{2150E333-8FDC-42A3-9474-1A3956D46DE8}") = "SensorBoardPix", "SensorBoardPix", "{F1E75DDE-65C0-41A4-BA98-0502C57A2F32}"
	ProjectSection(SolutionItems) = preProject
		Documentation\SensorBoard\3PinConnector.jpg = Documentation\SensorBoard\3PinConnector.jpg
		Documentation\SensorBoard\4PinConnector.png = Documentation\SensorBoard\4PinConnector.png
		Documentation\SensorBoard\AddCompass.jpg = Documentation\SensorBoard\AddCompass.jpg
		Documentation\SensorBoard\BentPinPliers.jpg = Documentation\SensorBoard\BentPinPliers.jpg
		Documentation\SensorBoard\CompassDetails.jpg = Documentation\SensorBoard\CompassDetails.jpg
		Documentation\SensorBoard\FrontView.jpg = Documentation\SensorBoard\FrontView.jpg
		Documentation\SensorBoard\InsertLeftFront.jpg = Documentation\SensorBoard\InsertLeftFront.jpg
		Documentation\SensorBoard\InsertRearSensor.jpg = Documentation\SensorBoard\InsertRearSensor.jpg
		Documentation\SensorBoard\InsertResistor.jpg = Documentation\SensorBoard\InsertResistor.jpg
		Documentation\SensorBoard\InsertSensor.jpg = Documentation\SensorBoard\InsertSensor.jpg
		Documentation\SensorBoard\InsertTransistor.png = Documentation\SensorBoard\InsertTransistor.png
		Documentation\SensorBoard\IRSensor.jpg = Documentation\SensorBoard\IRSensor.jpg
		Documentation\SensorBoard\IRSensorBentPin.jpg = Documentation\SensorBoard\IRSensorBentPin.jpg
		Documentation\SensorBoard\IRSensorSoldered.jpg = Documentation\SensorBoard\IRSensorSoldered.jpg
		Documentation\SensorBoard\LeftView.jpg = Documentation\SensorBoard\LeftView.jpg
		Documentation\SensorBoard\RaspberryPiConnector.jpg = Documentation\SensorBoard\RaspberryPiConnector.jpg
		Documentation\SensorBoard\RaspPiConnector.jpg = Documentation\SensorBoard\RaspPiConnector.jpg
		Documentation\SensorBoard\RearView.jpg = Documentation\SensorBoard\RearView.jpg
		Documentation\SensorBoard\Resistor.jpg = Documentation\SensorBoard\Resistor.jpg
		Documentation\SensorBoard\RightSensors.jpg = Documentation\SensorBoard\RightSensors.jpg
		Documentation\SensorBoard\RightSideView.jpg = Documentation\SensorBoard\RightSideView.jpg
		Documentation\SensorBoard\SolderingPins.jpg = Documentation\SensorBoard\SolderingPins.jpg
		Documentation\SensorBoard\Transistor.jpg = Documentation\SensorBoard\Transistor.jpg
	EndProjectSection
EndProject
Global
	GlobalSection(SolutionConfigurationPlatforms) = preSolution
		Debug|Any CPU = Debug|Any CPU
		Debug|ARM = Debug|ARM
		Debug|x64 = Debug|x64
		Debug|x86 = Debug|x86
		Release|Any CPU = Release|Any CPU
		Release|ARM = Release|ARM
		Release|x64 = Release|x64
		Release|x86 = Release|x86
	EndGlobalSection
	GlobalSection(ProjectConfigurationPlatforms) = postSolution
		{5CEEF930-71D7-4865-BB00-6C1005276769}.Debug|Any CPU.ActiveCfg = Debug|x86
		{5CEEF930-71D7-4865-BB00-6C1005276769}.Debug|ARM.ActiveCfg = Debug|ARM
		{5CEEF930-71D7-4865-BB00-6C1005276769}.Debug|ARM.Build.0 = Debug|ARM
		{5CEEF930-71D7-4865-BB00-6C1005276769}.Debug|ARM.Deploy.0 = Debug|ARM
		{5CEEF930-71D7-4865-BB00-6C1005276769}.Debug|x64.ActiveCfg = Debug|x64
		{5CEEF930-71D7-4865-BB00-6C1005276769}.Debug|x64.Build.0 = Debug|x64
		{5CEEF930-71D7-4865-BB00-6C1005276769}.Debug|x64.Deploy.0 = Debug|x64
		{5CEEF930-71D7-4865-BB00-6C1005276769}.Debug|x86.ActiveCfg = Debug|x86
		{5CEEF930-71D7-4865-BB00-6C1005276769}.Debug|x86.Build.0 = Debug|x86
		{5CEEF930-71D7-4865-BB00-6C1005276769}.Debug|x86.Deploy.0 = Debug|x86
		{5CEEF930-71D7-4865-BB00-6C1005276769}.Release|Any CPU.ActiveCfg = Release|x86
		{5CEEF930-71D7-4865-BB00-6C1005276769}.Release|ARM.ActiveCfg = Release|ARM
		{5CEEF930-71D7-4865-BB00-6C1005276769}.Release|ARM.Build.0 = Release|ARM
		{5CEEF930-71D7-4865-BB00-6C1005276769}.Release|ARM.Deploy.0 = Release|ARM
		{5CEEF930-71D7-4865-BB00-6C1005276769}.Release|x64.ActiveCfg = Release|x64
		{5CEEF930-71D7-4865-BB00-6C1005276769}.Release|x64.Build.0 = Release|x64
		{5CEEF930-71D7-4865-BB00-6C1005276769}.Release|x64.Deploy.0 = Release|x64
		{5CEEF930-71D7-4865-BB00-6C1005276769}.Release|x86.ActiveCfg = Release|x86
		{5CEEF930-71D7-4865-BB00-6C1005276769}.Release|x86.Build.0 = Release|x86
		{5CEEF930-71D7-4865-BB00-6C1005276769}.Release|x86.Deploy.0 = Release|x86
		{1BF743E8-B764-4512-B9F9-094A547883B7}.Debug|Any CPU.ActiveCfg = Debug|Any CPU
		{1BF743E8-B764-4512-B9F9-094A547883B7}.Debug|Any CPU.Build.0 = Debug|Any CPU
		{1BF743E8-B764-4512-B9F9-094A547883B7}.Debug|ARM.ActiveCfg = Debug|Any CPU
		{1BF743E8-B764-4512-B9F9-094A547883B7}.Debug|ARM.Build.0 = Debug|Any CPU
		{1BF743E8-B764-4512-B9F9-094A547883B7}.Debug|x64.ActiveCfg = Debug|Any CPU
		{1BF743E8-B764-4512-B9F9-094A547883B7}.Debug|x64.Build.0 = Debug|Any CPU
		{1BF743E8-B764-4512-B9F9-094A547883B7}.Debug|x86.ActiveCfg = Debug|Any CPU
		{1BF743E8-B764-4512-B9F9-094A547883B7}.Debug|x86.Build.0 = Debug|Any CPU
		{1BF743E8-B764-4512-B9F9-094A547883B7}.Release|Any CPU.ActiveCfg = Release|Any CPU
		{1BF743E8-B764-4512-B9F9-094A547883B7}.Release|Any CPU.Build.0 = Release|Any CPU
		{1BF743E8-B764-4512-B9F9-094A547883B7}.Release|ARM.ActiveCfg = Release|Any CPU
		{1BF743E8-B764-4512-B9F9-094A547883B7}.Release|ARM.Build.0 = Release|Any CPU
		{1BF743E8-B764-4512-B9F9-094A547883B7}.Release|x64.ActiveCfg = Release|Any CPU
		{1BF743E8-B764-4512-B9F9-094A547883B7}.Release|x64.Build.0 = Release|Any CPU
		{1BF743E8-B764-4512-B9F9-094A547883B7}.Release|x86.ActiveCfg = Release|Any CPU
		{1BF743E8-B764-4512-B9F9-094A547883B7}.Release|x86.Build.0 = Release|Any CPU
		{89591A82-D13A-4A27-B378-8E176C3104E2}.Debug|Any CPU.ActiveCfg = Debug|Any CPU
		{89591A82-D13A-4A27-B378-8E176C3104E2}.Debug|Any CPU.Build.0 = Debug|Any CPU
		{89591A82-D13A-4A27-B378-8E176C3104E2}.Debug|ARM.ActiveCfg = Debug|Any CPU
		{89591A82-D13A-4A27-B378-8E176C3104E2}.Debug|ARM.Build.0 = Debug|Any CPU
		{89591A82-D13A-4A27-B378-8E176C3104E2}.Debug|x64.ActiveCfg = Debug|Any CPU
		{89591A82-D13A-4A27-B378-8E176C3104E2}.Debug|x64.Build.0 = Debug|Any CPU
		{89591A82-D13A-4A27-B378-8E176C3104E2}.Debug|x86.ActiveCfg = Debug|Any CPU
		{89591A82-D13A-4A27-B378-8E176C3104E2}.Debug|x86.Build.0 = Debug|Any CPU
		{89591A82-D13A-4A27-B378-8E176C3104E2}.Release|Any CPU.ActiveCfg = Release|Any CPU
		{89591A82-D13A-4A27-B378-8E176C3104E2}.Release|Any CPU.Build.0 = Release|Any CPU
		{89591A82-D13A-4A27-B378-8E176C3104E2}.Release|ARM.ActiveCfg = Release|Any CPU
		{89591A82-D13A-4A27-B378-8E176C3104E2}.Release|ARM.Build.0 = Release|Any CPU
		{89591A82-D13A-4A27-B378-8E176C3104E2}.Release|x64.ActiveCfg = Release|Any CPU
		{89591A82-D13A-4A27-B378-8E176C3104E2}.Release|x64.Build.0 = Release|Any CPU
		{89591A82-D13A-4A27-B378-8E176C3104E2}.Release|x86.ActiveCfg = Release|Any CPU
		{89591A82-D13A-4A27-B378-8E176C3104E2}.Release|x86.Build.0 = Release|Any CPU
		{267EF52C-9F76-4536-8A72-ED9CEFAF73D0}.Debug|Any CPU.ActiveCfg = Debug|Any CPU
		{267EF52C-9F76-4536-8A72-ED9CEFAF73D0}.Debug|Any CPU.Build.0 = Debug|Any CPU
		{267EF52C-9F76-4536-8A72-ED9CEFAF73D0}.Debug|ARM.ActiveCfg = Debug|ARM
		{267EF52C-9F76-4536-8A72-ED9CEFAF73D0}.Debug|ARM.Build.0 = Debug|ARM
		{267EF52C-9F76-4536-8A72-ED9CEFAF73D0}.Debug|x64.ActiveCfg = Debug|x64
		{267EF52C-9F76-4536-8A72-ED9CEFAF73D0}.Debug|x64.Build.0 = Debug|x64
		{267EF52C-9F76-4536-8A72-ED9CEFAF73D0}.Debug|x86.ActiveCfg = Debug|x86
		{267EF52C-9F76-4536-8A72-ED9CEFAF73D0}.Debug|x86.Build.0 = Debug|x86
		{267EF52C-9F76-4536-8A72-ED9CEFAF73D0}.Release|Any CPU.ActiveCfg = Release|Any CPU
		{267EF52C-9F76-4536-8A72-ED9CEFAF73D0}.Release|Any CPU.Build.0 = Release|Any CPU
		{267EF52C-9F76-4536-8A72-ED9CEFAF73D0}.Release|ARM.ActiveCfg = Release|ARM
		{267EF52C-9F76-4536-8A72-ED9CEFAF73D0}.Release|ARM.Build.0 = Release|ARM
		{267EF52C-9F76-4536-8A72-ED9CEFAF73D0}.Release|x64.ActiveCfg = Release|x64
		{267EF52C-9F76-4536-8A72-ED9CEFAF73D0}.Release|x64.Build.0 = Release|x64
		{267EF52C-9F76-4536-8A72-ED9CEFAF73D0}.Release|x86.ActiveCfg = Release|x86
		{267EF52C-9F76-4536-8A72-ED9CEFAF73D0}.Release|x86.Build.0 = Release|x86
		{337434DF-2058-4F3D-AE1D-375A546BA3A9}.Debug|Any CPU.ActiveCfg = Debug|x86
		{337434DF-2058-4F3D-AE1D-375A546BA3A9}.Debug|ARM.ActiveCfg = Debug|ARM
		{337434DF-2058-4F3D-AE1D-375A546BA3A9}.Debug|ARM.Build.0 = Debug|ARM
		{337434DF-2058-4F3D-AE1D-375A546BA3A9}.Debug|ARM.Deploy.0 = Debug|ARM
		{337434DF-2058-4F3D-AE1D-375A546BA3A9}.Debug|x64.ActiveCfg = Debug|x64
		{337434DF-2058-4F3D-AE1D-375A546BA3A9}.Debug|x64.Build.0 = Debug|x64
		{337434DF-2058-4F3D-AE1D-375A546BA3A9}.Debug|x64.Deploy.0 = Debug|x64
		{337434DF-2058-4F3D-AE1D-375A546BA3A9}.Debug|x86.ActiveCfg = Debug|x86
		{337434DF-2058-4F3D-AE1D-375A546BA3A9}.Debug|x86.Build.0 = Debug|x86
		{337434DF-2058-4F3D-AE1D-375A546BA3A9}.Debug|x86.Deploy.0 = Debug|x86
		{337434DF-2058-4F3D-AE1D-375A546BA3A9}.Release|Any CPU.ActiveCfg = Release|x86
		{337434DF-2058-4F3D-AE1D-375A546BA3A9}.Release|ARM.ActiveCfg = Release|ARM
		{337434DF-2058-4F3D-AE1D-375A546BA3A9}.Release|ARM.Build.0 = Release|ARM
		{337434DF-2058-4F3D-AE1D-375A546BA3A9}.Release|ARM.Deploy.0 = Release|ARM
		{337434DF-2058-4F3D-AE1D-375A546BA3A9}.Release|x64.ActiveCfg = Release|x64
		{337434DF-2058-4F3D-AE1D-375A546BA3A9}.Release|x64.Build.0 = Release|x64
		{337434DF-2058-4F3D-AE1D-375A546BA3A9}.Release|x64.Deploy.0 = Release|x64
		{337434DF-2058-4F3D-AE1D-375A546BA3A9}.Release|x86.ActiveCfg = Release|x86
		{337434DF-2058-4F3D-AE1D-375A546BA3A9}.Release|x86.Build.0 = Release|x86
		{337434DF-2058-4F3D-AE1D-375A546BA3A9}.Release|x86.Deploy.0 = Release|x86
	EndGlobalSection
	GlobalSection(SolutionProperties) = preSolution
		HideSolutionNode = FALSE
	EndGlobalSection
	GlobalSection(NestedProjects) = preSolution
		{F1E75DDE-65C0-41A4-BA98-0502C57A2F32} = {2F96017D-32D5-4296-A6BA-F340A8D7D7DC}
	EndGlobalSection
EndGlobal
