<?xml version="1.0" encoding="utf-8"?>
<Project ToolsVersion="4.0" xmlns="http://schemas.microsoft.com/developer/msbuild/2003">
  <ItemGroup>
    <Filter Include="Source Files">
      <UniqueIdentifier>{4FC737F1-C7A5-4376-A066-2A32D752A2FF}</UniqueIdentifier>
      <Extensions>cpp;c;cc;cxx;def;odl;idl;hpj;bat;asm;asmx</Extensions>
    </Filter>
    <Filter Include="Header Files">
      <UniqueIdentifier>{93995380-89BD-4b04-88EB-625FBE52EBFB}</UniqueIdentifier>
      <Extensions>h;hh;hpp;hxx;hm;inl;inc;xsd</Extensions>
    </Filter>
    <Filter Include="Resource Files">
      <UniqueIdentifier>{67DA6AB6-F800-4c08-8B7A-83BB121AAD01}</UniqueIdentifier>
      <Extensions>rc;ico;cur;bmp;dlg;rc2;rct;bin;rgs;gif;jpg;jpeg;jpe;resx;tiff;tif;png;wav;mfcribbon-ms</Extensions>
    </Filter>
  </ItemGroup>
  <ItemGroup>
    <None Include="IoTSoccerBot.ino" />
  </ItemGroup>
  <ItemGroup>
    <ClInclude Include="__vm\.IoTSoccerBot.vsarduino.h">
      <Filter>Header Files</Filter>
    </ClInclude>
    <ClInclude Include="__vm\.mBotFirmware.vsarduino.h">
      <Filter>Header Files</Filter>
    </ClInclude>
    <ClInclude Include="mCore.h">
      <Filter>Header Files</Filter>
    </ClInclude>
    <ClInclude Include="Me1Wire.h">
      <Filter>Header Files</Filter>
    </ClInclude>
    <ClInclude Include="Me7SegmentDisplay.h">
      <Filter>Header Files</Filter>
    </ClInclude>
    <ClInclude Include="MeBaseBoard.h">
      <Filter>Header Files</Filter>
    </ClInclude>
    <ClInclude Include="MeBuzzer.h">
      <Filter>Header Files</Filter>
    </ClInclude>
    <ClInclude Include="MeDCMotor.h">
      <Filter>Header Files</Filter>
    </ClInclude>
    <ClInclude Include="MeInfraredReceiver.h">
      <Filter>Header Files</Filter>
    </ClInclude>
    <ClInclude Include="MeIR.h">
      <Filter>Header Files</Filter>
    </ClInclude>
    <ClInclude Include="MeLEDMatrix.h">
      <Filter>Header Files</Filter>
    </ClInclude>
    <ClInclude Include="MeLEDMatrixData.h">
      <Filter>Header Files</Filter>
    </ClInclude>
    <ClInclude Include="MeLineFollower.h">
      <Filter>Header Files</Filter>
    </ClInclude>
    <ClInclude Include="MePort.h">
      <Filter>Header Files</Filter>
    </ClInclude>
    <ClInclude Include="MeRGBLed.h">
      <Filter>Header Files</Filter>
    </ClInclude>
    <ClInclude Include="MeTemperature.h">
      <Filter>Header Files</Filter>
    </ClInclude>
    <ClInclude Include="MeUltrasonic.h">
      <Filter>Header Files</Filter>
    </ClInclude>
  </ItemGroup>
  <ItemGroup>
    <ClCompile Include="Me1Wire.cpp">
      <Filter>Source Files</Filter>
    </ClCompile>
    <ClCompile Include="Me7SegmentDisplay.cpp">
      <Filter>Source Files</Filter>
    </ClCompile>
    <ClCompile Include="MeBuzzer.cpp">
      <Filter>Source Files</Filter>
    </ClCompile>
    <ClCompile Include="MeDCMotor.cpp">
      <Filter>Source Files</Filter>
    </ClCompile>
    <ClCompile Include="MeInfraredReceiver.cpp">
      <Filter>Source Files</Filter>
    </ClCompile>
    <ClCompile Include="MeIR.cpp">
      <Filter>Source Files</Filter>
    </ClCompile>
    <ClCompile Include="MeLEDMatrix.cpp">
      <Filter>Source Files</Filter>
    </ClCompile>
    <ClCompile Include="MeLineFollower.cpp">
      <Filter>Source Files</Filter>
    </ClCompile>
    <ClCompile Include="MePort.cpp">
      <Filter>Source Files</Filter>
    </ClCompile>
    <ClCompile Include="MeRGBLed.cpp">
      <Filter>Source Files</Filter>
    </ClCompile>
    <ClCompile Include="MeTemperature.cpp">
      <Filter>Source Files</Filter>
    </ClCompile>
    <ClCompile Include="MeUltrasonic.cpp">
      <Filter>Source Files</Filter>
    </ClCompile>
  </ItemGroup>
</Project>